lockfileVersion: '9.0'

settings:
  autoInstallPeers: true
  excludeLinksFromLockfile: false

importers:

  .:
    dependencies:
      zod:
        specifier: ^4.0.5
        version: 4.0.15

packages:

  zod@4.0.15:
    resolution: {integrity: sha512-2IVHb9h4Mt6+UXkyMs0XbfICUh1eUrlJJAOupBHUhLRnKkruawyDddYRCs0Eizt900ntIMk9/4RksYl+FgSpcQ==}

snapshots:

  zod@4.0.15: {}
